// !$*UTF8*$!
{
	archiveVersion = 1;
	classes = {
	};
	objectVersion = 46;
	objects = {

/* Begin PBXBuildFile section */
		385A3CD01AAFCCD600A94C8D /* AppDelegate.swift in Sources */ = {isa = PBXBuildFile; fileRef = 385A3CCF1AAFCCD600A94C8D /* AppDelegate.swift */; };
		385A3CD21AAFCCD600A94C8D /* ViewController.swift in Sources */ = {isa = PBXBuildFile; fileRef = 385A3CD11AAFCCD600A94C8D /* ViewController.swift */; };
		385A3CD51AAFCCD600A94C8D /* Main.storyboard in Resources */ = {isa = PBXBuildFile; fileRef = 385A3CD31AAFCCD600A94C8D /* Main.storyboard */; };
		385A3CD71AAFCCD600A94C8D /* Images.xcassets in Resources */ = {isa = PBXBuildFile; fileRef = 385A3CD61AAFCCD600A94C8D /* Images.xcassets */; };
		385A3CDA1AAFCCD600A94C8D /* LaunchScreen.xib in Resources */ = {isa = PBXBuildFile; fileRef = 385A3CD81AAFCCD600A94C8D /* LaunchScreen.xib */; };
		385A3CE61AAFCCD600A94C8D /* tipsTests.swift in Sources */ = {isa = PBXBuildFile; fileRef = 385A3CE51AAFCCD600A94C8D /* tipsTests.swift */; };
		385A3CFA1AAFF12900A94C8D /* SettingsViewController.swift in Sources */ = {isa = PBXBuildFile; fileRef = 385A3CF91AAFF12900A94C8D /* SettingsViewController.swift */; };
/* End PBXBuildFile section */

/* Begin PBXContainerItemProxy section */
		385A3CE01AAFCCD600A94C8D /* PBXContainerItemProxy */ = {
			isa = PBXContainerItemProxy;
			containerPortal = 385A3CC21AAFCCD600A94C8D /* Project object */;
			proxyType = 1;
			remoteGlobalIDString = 385A3CC91AAFCCD600A94C8D;
			remoteInfo = tips;
		};
/* End PBXContainerItemProxy section */

/* Begin PBXFileReference section */
		385A3CCA1AAFCCD600A94C8D /* tips.app */ = {isa = PBXFileReference; explicitFileType = wrapper.application; includeInIndex = 0; path = tips.app; sourceTree = BUILT_PRODUCTS_DIR; };
		385A3CCE1AAFCCD600A94C8D /* Info.plist */ = {isa = PBXFileReference; lastKnownFileType = text.plist.xml; path = Info.plist; sourceTree = "<group>"; };
		385A3CCF1AAFCCD600A94C8D /* AppDelegate.swift */ = {isa = PBXFileReference; lastKnownFileType = sourcecode.swift; path = AppDelegate.swift; sourceTree = "<group>"; };
		385A3CD11AAFCCD600A94C8D /* ViewController.swift */ = {isa = PBXFileReference; lastKnownFileType = sourcecode.swift; path = ViewController.swift; sourceTree = "<group>"; };
		385A3CD41AAFCCD600A94C8D /* Base */ = {isa = PBXFileReference; lastKnownFileType = file.storyboard; name = Base; path = Base.lproj/Main.storyboard; sourceTree = "<group>"; };
		385A3CD61AAFCCD600A94C8D /* Images.xcassets */ = {isa = PBXFileReference; lastKnownFileType = folder.assetcatalog; path = Images.xcassets; sourceTree = "<group>"; };
		385A3CD91AAFCCD600A94C8D /* Base */ = {isa = PBXFileReference; lastKnownFileType = file.xib; name = Base; path = Base.lproj/LaunchScreen.xib; sourceTree = "<group>"; };
		385A3CDF1AAFCCD600A94C8D /* tipsTests.xctest */ = {isa = PBXFileReference; explicitFileType = wrapper.cfbundle; includeInIndex = 0; path = tipsTests.xctest; sourceTree = BUILT_PRODUCTS_DIR; };
		385A3CE41AAFCCD600A94C8D /* Info.plist */ = {isa = PBXFileReference; lastKnownFileType = text.plist.xml; path = Info.plist; sourceTree = "<group>"; };
		385A3CE51AAFCCD600A94C8D /* tipsTests.swift */ = {isa = PBXFileReference; lastKnownFileType = sourcecode.swift; path = tipsTests.swift; sourceTree = "<group>"; };
		385A3CF91AAFF12900A94C8D /* SettingsViewController.swift */ = {isa = PBXFileReference; fileEncoding = 4; lastKnownFileType = sourcecode.swift; path = SettingsViewController.swift; sourceTree = "<group>"; };
/* End PBXFileReference section */

/* Begin PBXFrameworksBuildPhase section */
		385A3CC71AAFCCD600A94C8D /* Frameworks */ = {
			isa = PBXFrameworksBuildPhase;
			buildActionMask = 2147483647;
			files = (
			);
			runOnlyForDeploymentPostprocessing = 0;
		};
		385A3CDC1AAFCCD600A94C8D /* Frameworks */ = {
			isa = PBXFrameworksBuildPhase;
			buildActionMask = 2147483647;
			files = (
			);
			runOnlyForDeploymentPostprocessing = 0;
		};
/* End PBXFrameworksBuildPhase section */

/* Begin PBXGroup section */
		385A3CC11AAFCCD600A94C8D = {
			isa = PBXGroup;
			children = (
				385A3CCC1AAFCCD600A94C8D /* tips */,
				385A3CE21AAFCCD600A94C8D /* tipsTests */,
				385A3CCB1AAFCCD600A94C8D /* Products */,
			);
			sourceTree = "<group>";
		};
		385A3CCB1AAFCCD600A94C8D /* Products */ = {
			isa = PBXGroup;
			children = (
				385A3CCA1AAFCCD600A94C8D /* tips.app */,
				385A3CDF1AAFCCD600A94C8D /* tipsTests.xctest */,
			);
			name = Products;
			sourceTree = "<group>";
		};
		385A3CCC1AAFCCD600A94C8D /* tips */ = {
			isa = PBXGroup;
			children = (
				385A3CCF1AAFCCD600A94C8D /* AppDelegate.swift */,
				385A3CD11AAFCCD600A94C8D /* ViewController.swift */,
				385A3CD31AAFCCD600A94C8D /* Main.storyboard */,
				385A3CD61AAFCCD600A94C8D /* Images.xcassets */,
				385A3CD81AAFCCD600A94C8D /* LaunchScreen.xib */,
				385A3CCD1AAFCCD600A94C8D /* Supporting Files */,
				385A3CF91AAFF12900A94C8D /* SettingsViewController.swift */,
			);
			path = tips;
			sourceTree = "<group>";
		};
		385A3CCD1AAFCCD600A94C8D /* Supporting Files */ = {
			isa = PBXGroup;
			children = (
				385A3CCE1AAFCCD600A94C8D /* Info.plist */,
			);
			name = "Supporting Files";
			sourceTree = "<group>";
		};
		385A3CE21AAFCCD600A94C8D /* tipsTests */ = {
			isa = PBXGroup;
			children = (
				385A3CE51AAFCCD600A94C8D /* tipsTests.swift */,
				385A3CE31AAFCCD600A94C8D /* Supporting Files */,
			);
			path = tipsTests;
			sourceTree = "<group>";
		};
		385A3CE31AAFCCD600A94C8D /* Supporting Files */ = {
			isa = PBXGroup;
			children = (
				385A3CE41AAFCCD600A94C8D /* Info.plist */,
			);
			name = "Supporting Files";
			sourceTree = "<group>";
		};
/* End PBXGroup section */

/* Begin PBXNativeTarget section */
		385A3CC91AAFCCD600A94C8D /* tips */ = {
			isa = PBXNativeTarget;
			buildConfigurationList = 385A3CE91AAFCCD600A94C8D /* Build configuration list for PBXNativeTarget "tips" */;
			buildPhases = (
				385A3CC61AAFCCD600A94C8D /* Sources */,
				385A3CC71AAFCCD600A94C8D /* Frameworks */,
				385A3CC81AAFCCD600A94C8D /* Resources */,
			);
			buildRules = (
			);
			dependencies = (
			);
			name = tips;
			productName = tips;
			productReference = 385A3CCA1AAFCCD600A94C8D /* tips.app */;
			productType = "com.apple.product-type.application";
		};
		385A3CDE1AAFCCD600A94C8D /* tipsTests */ = {
			isa = PBXNativeTarget;
			buildConfigurationList = 385A3CEC1AAFCCD600A94C8D /* Build configuration list for PBXNativeTarget "tipsTests" */;
			buildPhases = (
				385A3CDB1AAFCCD600A94C8D /* Sources */,
				385A3CDC1AAFCCD600A94C8D /* Frameworks */,
				385A3CDD1AAFCCD600A94C8D /* Resources */,
			);
			buildRules = (
			);
			dependencies = (
				385A3CE11AAFCCD600A94C8D /* PBXTargetDependency */,
			);
			name = tipsTests;
			productName = tipsTests;
			productReference = 385A3CDF1AAFCCD600A94C8D /* tipsTests.xctest */;
			productType = "com.apple.product-type.bundle.unit-test";
		};
/* End PBXNativeTarget section */

/* Begin PBXProject section */
		385A3CC21AAFCCD600A94C8D /* Project object */ = {
			isa = PBXProject;
			attributes = {
				LastUpgradeCheck = 0620;
				ORGANIZATIONNAME = codepath;
				TargetAttributes = {
					385A3CC91AAFCCD600A94C8D = {
						CreatedOnToolsVersion = 6.2;
					};
					385A3CDE1AAFCCD600A94C8D = {
						CreatedOnToolsVersion = 6.2;
						TestTargetID = 385A3CC91AAFCCD600A94C8D;
					};
				};
			};
			buildConfigurationList = 385A3CC51AAFCCD600A94C8D /* Build configuration list for PBXProject "tips" */;
			compatibilityVersion = "Xcode 3.2";
			developmentRegion = English;
			hasScannedForEncodings = 0;
			knownRegions = (
				en,
				Base,
			);
			mainGroup = 385A3CC11AAFCCD600A94C8D;
			productRefGroup = 385A3CCB1AAFCCD600A94C8D /* Products */;
			projectDirPath = "";
			projectRoot = "";
			targets = (
				385A3CC91AAFCCD600A94C8D /* tips */,
				385A3CDE1AAFCCD600A94C8D /* tipsTests */,
			);
		};
/* End PBXProject section */

/* Begin PBXResourcesBuildPhase section */
		385A3CC81AAFCCD600A94C8D /* Resources */ = {
			isa = PBXResourcesBuildPhase;
			buildActionMask = 2147483647;
			files = (
				385A3CD51AAFCCD600A94C8D /* Main.storyboard in Resources */,
				385A3CDA1AAFCCD600A94C8D /* LaunchScreen.xib in Resources */,
				385A3CD71AAFCCD600A94C8D /* Images.xcassets in Resources */,
			);
			runOnlyForDeploymentPostprocessing = 0;
		};
		385A3CDD1AAFCCD600A94C8D /* Resources */ = {
			isa = PBXResourcesBuildPhase;
			buildActionMask = 2147483647;
			files = (
			);
			runOnlyForDeploymentPostprocessing = 0;
		};
/* End PBXResourcesBuildPhase section */

/* Begin PBXSourcesBuildPhase section */
		385A3CC61AAFCCD600A94C8D /* Sources */ = {
			isa = PBXSourcesBuildPhase;
			buildActionMask = 2147483647;
			files = (
				385A3CD21AAFCCD600A94C8D /* ViewController.swift in Sources */,
				385A3CD01AAFCCD600A94C8D /* AppDelegate.swift in Sources */,
				385A3CFA1AAFF12900A94C8D /* SettingsViewController.swift in Sources */,
			);
			runOnlyForDeploymentPostprocessing = 0;
		};
		385A3CDB1AAFCCD600A94C8D /* Sources */ = {
			isa = PBXSourcesBuildPhase;
			buildActionMask = 2147483647;
			files = (
				385A3CE61AAFCCD600A94C8D /* tipsTests.swift in Sources */,
			);
			runOnlyForDeploymentPostprocessing = 0;
		};
/* End PBXSourcesBuildPhase section */

/* Begin PBXTargetDependency section */
		385A3CE11AAFCCD600A94C8D /* PBXTargetDependency */ = {
			isa = PBXTargetDependency;
			target = 385A3CC91AAFCCD600A94C8D /* tips */;
			targetProxy = 385A3CE01AAFCCD600A94C8D /* PBXContainerItemProxy */;
		};
/* End PBXTargetDependency section */

/* Begin PBXVariantGroup section */
		385A3CD31AAFCCD600A94C8D /* Main.storyboard */ = {
			isa = PBXVariantGroup;
			children = (
				385A3CD41AAFCCD600A94C8D /* Base */,
			);
			name = Main.storyboard;
			sourceTree = "<group>";
		};
		385A3CD81AAFCCD600A94C8D /* LaunchScreen.xib */ = {
			isa = PBXVariantGroup;
			children = (
				385A3CD91AAFCCD600A94C8D /* Base */,
			);
			name = LaunchScreen.xib;
			sourceTree = "<group>";
		};
/* End PBXVariantGroup section */

/* Begin XCBuildConfiguration section */
		385A3CE71AAFCCD600A94C8D /* Debug */ = {
			isa = XCBuildConfiguration;
			buildSettings = {
				ALWAYS_SEARCH_USER_PATHS = NO;
				CLANG_CXX_LANGUAGE_STANDARD = "gnu++0x";
				CLANG_CXX_LIBRARY = "libc++";
				CLANG_ENABLE_MODULES = YES;
				CLANG_ENABLE_OBJC_ARC = YES;
				CLANG_WARN_BOOL_CONVERSION = YES;
				CLANG_WARN_CONSTANT_CONVERSION = YES;
				CLANG_WARN_DIRECT_OBJC_ISA_USAGE = YES_ERROR;
				CLANG_WARN_EMPTY_BODY = YES;
				CLANG_WARN_ENUM_CONVERSION = YES;
				CLANG_WARN_INT_CONVERSION = YES;
				CLANG_WARN_OBJC_ROOT_CLASS = YES_ERROR;
				CLANG_WARN_UNREACHABLE_CODE = YES;
				CLANG_WARN__DUPLICATE_METHOD_MATCH = YES;
				"CODE_SIGN_IDENTITY[sdk=iphoneos*]" = "iPhone Developer";
				COPY_PHASE_STRIP = NO;
				ENABLE_STRICT_OBJC_MSGSEND = YES;
				GCC_C_LANGUAGE_STANDARD = gnu99;
				GCC_DYNAMIC_NO_PIC = NO;
				GCC_OPTIMIZATION_LEVEL = 0;
				GCC_PREPROCESSOR_DEFINITIONS = (
					"DEBUG=1",
					"$(inherited)",
				);
				GCC_SYMBOLS_PRIVATE_EXTERN = NO;
				GCC_WARN_64_TO_32_BIT_CONVERSION = YES;
				GCC_WARN_ABOUT_RETURN_TYPE = YES_ERROR;
				GCC_WARN_UNDECLARED_SELECTOR = YES;
				GCC_WARN_UNINITIALIZED_AUTOS = YES_AGGRESSIVE;
				GCC_WARN_UNUSED_FUNCTION = YES;
				GCC_WARN_UNUSED_VARIABLE = YES;
				IPHONEOS_DEPLOYMENT_TARGET = 8.2;
				MTL_ENABLE_DEBUG_INFO = YES;
				ONLY_ACTIVE_ARCH = YES;
				SDKROOT = iphoneos;
				SWIFT_OPTIMIZATION_LEVEL = "-Onone";
			};
			name = Debug;
		};
		385A3CE81AAFCCD600A94C8D /* Release */ = {
			isa = XCBuildConfiguration;
			buildSettings = {
				ALWAYS_SEARCH_USER_PATHS = NO;
				CLANG_CXX_LANGUAGE_STANDARD = "gnu++0x";
				CLANG_CXX_LIBRARY = "libc++";
				CLANG_ENABLE_MODULES = YES;
				CLANG_ENABLE_OBJC_ARC = YES;
				CLANG_WARN_BOOL_CONVERSION = YES;
				CLANG_WARN_CONSTANT_CONVERSION = YES;
				CLANG_WARN_DIRECT_OBJC_ISA_USAGE = YES_ERROR;
				CLANG_WARN_EMPTY_BODY = YES;
				CLANG_WARN_ENUM_CONVERSION = YES;
				CLANG_WARN_INT_CONVERSION = YES;
				CLANG_WARN_OBJC_ROOT_CLASS = YES_ERROR;
				CLANG_WARN_UNREACHABLE_CODE = YES;
				CLANG_WARN__DUPLICATE_METHOD_MATCH = YES;
				"CODE_SIGN_IDENTITY[sdk=iphoneos*]" = "iPhone Developer";
				COPY_PHASE_STRIP = NO;
				ENABLE_NS_ASSERTIONS = NO;
				ENABLE_STRICT_OBJC_MSGSEND = YES;
				GCC_C_LANGUAGE_STANDARD = gnu99;
				GCC_WARN_64_TO_32_BIT_CONVERSION = YES;
				GCC_WARN_ABOUT_RETURN_TYPE = YES_ERROR;
				GCC_WARN_UNDECLARED_SELECTOR = YES;
				GCC_WARN_UNINITIALIZED_AUTOS = YES_AGGRESSIVE;
				GCC_WARN_UNUSED_FUNCTION = YES;
				GCC_WARN_UNUSED_VARIABLE = YES;
				IPHONEOS_DEPLOYMENT_TARGET = 8.2;
				MTL_ENABLE_DEBUG_INFO = NO;
				SDKROOT = iphoneos;
				VALIDATE_PRODUCT = YES;
			};
			name = Release;
		};
		385A3CEA1AAFCCD600A94C8D /* Debug */ = {
			isa = XCBuildConfiguration;
			buildSettings = {
				ASSETCATALOG_COMPILER_APPICON_NAME = AppIcon;
				INFOPLIST_FILE = tips/Info.plist;
				IPHONEOS_DEPLOYMENT_TARGET = 8.0;
				LD_RUNPATH_SEARCH_PATHS = "$(inherited) @executable_path/Frameworks";
				PRODUCT_NAME = "$(TARGET_NAME)";
			};
			name = Debug;
		};
		385A3CEB1AAFCCD600A94C8D /* Release */ = {
			isa = XCBuildConfiguration;
			buildSettings = {
				ASSETCATALOG_COMPILER_APPICON_NAME = AppIcon;
				INFOPLIST_FILE = tips/Info.plist;
				IPHONEOS_DEPLOYMENT_TARGET = 8.0;
				LD_RUNPATH_SEARCH_PATHS = "$(inherited) @executable_path/Frameworks";
				PRODUCT_NAME = "$(TARGET_NAME)";
			};
			name = Release;
		};
		385A3CED1AAFCCD600A94C8D /* Debug */ = {
			isa = XCBuildConfiguration;
			buildSettings = {
				BUNDLE_LOADER = "$(TEST_HOST)";
				FRAMEWORK_SEARCH_PATHS = (
					"$(SDKROOT)/Developer/Library/Frameworks",
					"$(inherited)",
				);
				GCC_PREPROCESSOR_DEFINITIONS = (
					"DEBUG=1",
					"$(inherited)",
				);
				INFOPLIST_FILE = tipsTests/Info.plist;
				LD_RUNPATH_SEARCH_PATHS = "$(inherited) @executable_path/Frameworks @loader_path/Frameworks";
				PRODUCT_NAME = "$(TARGET_NAME)";
				TEST_HOST = "$(BUILT_PRODUCTS_DIR)/tips.app/tips";
			};
			name = Debug;
		};
		385A3CEE1AAFCCD600A94C8D /* Release */ = {
			isa = XCBuildConfiguration;
			buildSettings = {
				BUNDLE_LOADER = "$(TEST_HOST)";
				FRAMEWORK_SEARCH_PATHS = (
					"$(SDKROOT)/Developer/Library/Frameworks",
					"$(inherited)",
				);
				INFOPLIST_FILE = tipsTests/Info.plist;
				LD_RUNPATH_SEARCH_PATHS = "$(inherited) @executable_path/Frameworks @loader_path/Frameworks";
				PRODUCT_NAME = "$(TARGET_NAME)";
				TEST_HOST = "$(BUILT_PRODUCTS_DIR)/tips.app/tips";
			};
			name = Release;
		};
/* End XCBuildConfiguration section */

/* Begin XCConfigurationList section */
		385A3CC51AAFCCD600A94C8D /* Build configuration list for PBXProject "tips" */ = {
			isa = XCConfigurationList;
			buildConfigurations = (
				385A3CE71AAFCCD600A94C8D /* Debug */,
				385A3CE81AAFCCD600A94C8D /* Release */,
			);
			defaultConfigurationIsVisible = 0;
			defaultConfigurationName = Release;
		};
		385A3CE91AAFCCD600A94C8D /* Build configuration list for PBXNativeTarget "tips" */ = {
			isa = XCConfigurationList;
			buildConfigurations = (
				385A3CEA1AAFCCD600A94C8D /* Debug */,
				385A3CEB1AAFCCD600A94C8D /* Release */,
			);
			defaultConfigurationIsVisible = 0;
			defaultConfigurationName = Release;
		};
		385A3CEC1AAFCCD600A94C8D /* Build configuration list for PBXNativeTarget "tipsTests" */ = {
			isa = XCConfigurationList;
			buildConfigurations = (
				385A3CED1AAFCCD600A94C8D /* Debug */,
				385A3CEE1AAFCCD600A94C8D /* Release */,
			);
			defaultConfigurationIsVisible = 0;
			defaultConfigurationName = Release;
		};
/* End XCConfigurationList section */
	};
	rootObject = 385A3CC21AAFCCD600A94C8D /* Project object */;
}
